
Microsoft Visual Studio Solution File, Format Version 12.00
# Visual Studio Version 16
VisualStudioVersion = 16.0.31321.278
MinimumVisualStudioVersion = 10.0.40219.1
Project("{FAE04EC0-301F-11D3-BF4B-00C04F79EFBC}") = "CSarray", "CSarray\CSarray.csproj", "{12FCF446-6C93-4DDF-9454-AEACF4F4ACA0}"
EndProject
Global
	GlobalSection(SolutionConfigurationPlatforms) = preSolution
		Debug|Any CPU = Debug|Any CPU
		Release|Any CPU = Release|Any CPU
	EndGlobalSection
	GlobalSection(ProjectConfigurationPlatforms) = postSolution
		{12FCF446-6C93-4DDF-9454-AEACF4F4ACA0}.Debug|Any CPU.ActiveCfg = Debug|Any CPU
		{12FCF446-6C93-4DDF-9454-AEACF4F4ACA0}.Debug|Any CPU.Build.0 = Debug|Any CPU
		{12FCF446-6C93-4DDF-9454-AEACF4F4ACA0}.Release|Any CPU.ActiveCfg = Release|Any CPU
		{12FCF446-6C93-4DDF-9454-AEACF4F4ACA0}.Release|Any CPU.Build.0 = Release|Any CPU
	EndGlobalSection
	GlobalSection(SolutionProperties) = preSolution
		HideSolutionNode = FALSE
	EndGlobalSection
	GlobalSection(ExtensibilityGlobals) = postSolution
		SolutionGuid = {EA208940-8ED8-47EB-8D65-98262D04C1B4}
	EndGlobalSection
EndGlobal
