
Microsoft Visual Studio Solution File, Format Version 12.00
# Visual Studio Version 16
VisualStudioVersion = 16.0.31321.278
MinimumVisualStudioVersion = 10.0.40219.1
Project("{FAE04EC0-301F-11D3-BF4B-00C04F79EFBC}") = "SwitchStatement", "SwitchStatement\SwitchStatement.csproj", "{BC639D7B-1565-4E46-A338-32CD78CEC3A3}"
EndProject
Global
	GlobalSection(SolutionConfigurationPlatforms) = preSolution
		Debug|Any CPU = Debug|Any CPU
		Release|Any CPU = Release|Any CPU
	EndGlobalSection
	GlobalSection(ProjectConfigurationPlatforms) = postSolution
		{BC639D7B-1565-4E46-A338-32CD78CEC3A3}.Debug|Any CPU.ActiveCfg = Debug|Any CPU
		{BC639D7B-1565-4E46-A338-32CD78CEC3A3}.Debug|Any CPU.Build.0 = Debug|Any CPU
		{BC639D7B-1565-4E46-A338-32CD78CEC3A3}.Release|Any CPU.ActiveCfg = Release|Any CPU
		{BC639D7B-1565-4E46-A338-32CD78CEC3A3}.Release|Any CPU.Build.0 = Release|Any CPU
	EndGlobalSection
	GlobalSection(SolutionProperties) = preSolution
		HideSolutionNode = FALSE
	EndGlobalSection
	GlobalSection(ExtensibilityGlobals) = postSolution
		SolutionGuid = {E483EA23-F78E-4C69-86D9-F220E5EEAF0E}
	EndGlobalSection
EndGlobal
